
Microsoft Visual Studio Solution File, Format Version 12.00
# Visual Studio 15
VisualStudioVersion = 15.0.26730.10
MinimumVisualStudioVersion = 10.0.40219.1
Project("{9A19103F-16F7-4668-BE54-9A1E7A4F7556}") = "MinesweeperLocal", "MinesweeperLocal.csproj", "{11758B2F-917F-4FAF-B356-602A59782C8B}"
EndProject
Global
	GlobalSection(SolutionConfigurationPlatforms) = preSolution
		Debug|Any CPU = Debug|Any CPU
		Release|Any CPU = Release|Any CPU
	EndGlobalSection
	GlobalSection(ProjectConfigurationPlatforms) = postSolution
		{11758B2F-917F-4FAF-B356-602A59782C8B}.Debug|Any CPU.ActiveCfg = Debug|Any CPU
		{11758B2F-917F-4FAF-B356-602A59782C8B}.Debug|Any CPU.Build.0 = Debug|Any CPU
		{11758B2F-917F-4FAF-B356-602A59782C8B}.Release|Any CPU.ActiveCfg = Release|Any CPU
		{11758B2F-917F-4FAF-B356-602A59782C8B}.Release|Any CPU.Build.0 = Release|Any CPU
	EndGlobalSection
	GlobalSection(SolutionProperties) = preSolution
		HideSolutionNode = FALSE
	EndGlobalSection
	GlobalSection(ExtensibilityGlobals) = postSolution
		SolutionGuid = {6D30172E-436D-4766-A5A2-72D80EE7D863}
	EndGlobalSection
EndGlobal
